// !$*UTF8*$!
{
	archiveVersion = 1;
	classes = {
	};
	objectVersion = 50;
	objects = {

/* Begin PBXBuildFile section */
		DC847B0C224B39E0002D0D3E /* AppDelegate.swift in Sources */ = {isa = PBXBuildFile; fileRef = DC847B0B224B39E0002D0D3E /* AppDelegate.swift */; };
		DC847B0E224B39E0002D0D3E /* ViewController.swift in Sources */ = {isa = PBXBuildFile; fileRef = DC847B0D224B39E0002D0D3E /* ViewController.swift */; };
		DC847B11224B39E0002D0D3E /* Main.storyboard in Resources */ = {isa = PBXBuildFile; fileRef = DC847B0F224B39E0002D0D3E /* Main.storyboard */; };
		DC847B13224B39E1002D0D3E /* Assets.xcassets in Resources */ = {isa = PBXBuildFile; fileRef = DC847B12224B39E1002D0D3E /* Assets.xcassets */; };
		DC847B16224B39E1002D0D3E /* LaunchScreen.storyboard in Resources */ = {isa = PBXBuildFile; fileRef = DC847B14224B39E1002D0D3E /* LaunchScreen.storyboard */; };
		DC847B20224B533B002D0D3E /* CommonDBHandler.swift in Sources */ = {isa = PBXBuildFile; fileRef = DC847B1E224B533A002D0D3E /* CommonDBHandler.swift */; };
		DC847B21224B533B002D0D3E /* NameDBHandler.swift in Sources */ = {isa = PBXBuildFile; fileRef = DC847B1F224B533A002D0D3E /* NameDBHandler.swift */; };
		DC847B22224B7A20002D0D3E /* Name.db in Resources */ = {isa = PBXBuildFile; fileRef = DC847B1D224B52CF002D0D3E /* Name.db */; };
/* End PBXBuildFile section */

/* Begin PBXFileReference section */
		DC847B08224B39E0002D0D3E /* DatabaseManagerSwift.app */ = {isa = PBXFileReference; explicitFileType = wrapper.application; includeInIndex = 0; path = DatabaseManagerSwift.app; sourceTree = BUILT_PRODUCTS_DIR; };
		DC847B0B224B39E0002D0D3E /* AppDelegate.swift */ = {isa = PBXFileReference; lastKnownFileType = sourcecode.swift; path = AppDelegate.swift; sourceTree = "<group>"; };
		DC847B0D224B39E0002D0D3E /* ViewController.swift */ = {isa = PBXFileReference; lastKnownFileType = sourcecode.swift; path = ViewController.swift; sourceTree = "<group>"; };
		DC847B10224B39E0002D0D3E /* Base */ = {isa = PBXFileReference; lastKnownFileType = file.storyboard; name = Base; path = Base.lproj/Main.storyboard; sourceTree = "<group>"; };
		DC847B12224B39E1002D0D3E /* Assets.xcassets */ = {isa = PBXFileReference; lastKnownFileType = folder.assetcatalog; path = Assets.xcassets; sourceTree = "<group>"; };
		DC847B15224B39E1002D0D3E /* Base */ = {isa = PBXFileReference; lastKnownFileType = file.storyboard; name = Base; path = Base.lproj/LaunchScreen.storyboard; sourceTree = "<group>"; };
		DC847B17224B39E1002D0D3E /* Info.plist */ = {isa = PBXFileReference; lastKnownFileType = text.plist.xml; path = Info.plist; sourceTree = "<group>"; };
		DC847B1D224B52CF002D0D3E /* Name.db */ = {isa = PBXFileReference; lastKnownFileType = file; path = Name.db; sourceTree = "<group>"; };
		DC847B1E224B533A002D0D3E /* CommonDBHandler.swift */ = {isa = PBXFileReference; fileEncoding = 4; lastKnownFileType = sourcecode.swift; path = CommonDBHandler.swift; sourceTree = "<group>"; };
		DC847B1F224B533A002D0D3E /* NameDBHandler.swift */ = {isa = PBXFileReference; fileEncoding = 4; lastKnownFileType = sourcecode.swift; path = NameDBHandler.swift; sourceTree = "<group>"; };
/* End PBXFileReference section */

/* Begin PBXFrameworksBuildPhase section */
		DC847B05224B39E0002D0D3E /* Frameworks */ = {
			isa = PBXFrameworksBuildPhase;
			buildActionMask = 2147483647;
			files = (
			);
			runOnlyForDeploymentPostprocessing = 0;
		};
/* End PBXFrameworksBuildPhase section */

/* Begin PBXGroup section */
		DC847AFF224B39E0002D0D3E = {
			isa = PBXGroup;
			children = (
				DC847B0A224B39E0002D0D3E /* DatabaseManagerSwift */,
				DC847B09224B39E0002D0D3E /* Products */,
			);
			sourceTree = "<group>";
		};
		DC847B09224B39E0002D0D3E /* Products */ = {
			isa = PBXGroup;
			children = (
				DC847B08224B39E0002D0D3E /* DatabaseManagerSwift.app */,
			);
			name = Products;
			sourceTree = "<group>";
		};
		DC847B0A224B39E0002D0D3E /* DatabaseManagerSwift */ = {
			isa = PBXGroup;
			children = (
				DC847B0B224B39E0002D0D3E /* AppDelegate.swift */,
				DC847B0D224B39E0002D0D3E /* ViewController.swift */,
				DC847B1E224B533A002D0D3E /* CommonDBHandler.swift */,
				DC847B1F224B533A002D0D3E /* NameDBHandler.swift */,
				DC847B0F224B39E0002D0D3E /* Main.storyboard */,
				DC847B23224B7B49002D0D3E /* Database */,
				DC847B12224B39E1002D0D3E /* Assets.xcassets */,
				DC847B14224B39E1002D0D3E /* LaunchScreen.storyboard */,
				DC847B17224B39E1002D0D3E /* Info.plist */,
			);
			path = DatabaseManagerSwift;
			sourceTree = "<group>";
		};
		DC847B23224B7B49002D0D3E /* Database */ = {
			isa = PBXGroup;
			children = (
				DC847B1D224B52CF002D0D3E /* Name.db */,
			);
			name = Database;
			sourceTree = "<group>";
		};
/* End PBXGroup section */

/* Begin PBXNativeTarget section */
		DC847B07224B39E0002D0D3E /* DatabaseManagerSwift */ = {
			isa = PBXNativeTarget;
			buildConfigurationList = DC847B1A224B39E1002D0D3E /* Build configuration list for PBXNativeTarget "DatabaseManagerSwift" */;
			buildPhases = (
				DC847B04224B39E0002D0D3E /* Sources */,
				DC847B05224B39E0002D0D3E /* Frameworks */,
				DC847B06224B39E0002D0D3E /* Resources */,
			);
			buildRules = (
			);
			dependencies = (
			);
			name = DatabaseManagerSwift;
			productName = DatabaseManagerSwift;
			productReference = DC847B08224B39E0002D0D3E /* DatabaseManagerSwift.app */;
			productType = "com.apple.product-type.application";
		};
/* End PBXNativeTarget section */

/* Begin PBXProject section */
		DC847B00224B39E0002D0D3E /* Project object */ = {
			isa = PBXProject;
			attributes = {
				LastSwiftUpdateCheck = 1010;
				LastUpgradeCheck = 1010;
				ORGANIZATIONNAME = "Shailesh Parkhi";
				TargetAttributes = {
					DC847B07224B39E0002D0D3E = {
						CreatedOnToolsVersion = 10.1;
					};
				};
			};
			buildConfigurationList = DC847B03224B39E0002D0D3E /* Build configuration list for PBXProject "DatabaseManagerSwift" */;
			compatibilityVersion = "Xcode 9.3";
			developmentRegion = en;
			hasScannedForEncodings = 0;
			knownRegions = (
				en,
				Base,
			);
			mainGroup = DC847AFF224B39E0002D0D3E;
			productRefGroup = DC847B09224B39E0002D0D3E /* Products */;
			projectDirPath = "";
			projectRoot = "";
			targets = (
				DC847B07224B39E0002D0D3E /* DatabaseManagerSwift */,
			);
		};
/* End PBXProject section */

/* Begin PBXResourcesBuildPhase section */
		DC847B06224B39E0002D0D3E /* Resources */ = {
			isa = PBXResourcesBuildPhase;
			buildActionMask = 2147483647;
			files = (
				DC847B22224B7A20002D0D3E /* Name.db in Resources */,
				DC847B16224B39E1002D0D3E /* LaunchScreen.storyboard in Resources */,
				DC847B13224B39E1002D0D3E /* Assets.xcassets in Resources */,
				DC847B11224B39E0002D0D3E /* Main.storyboard in Resources */,
			);
			runOnlyForDeploymentPostprocessing = 0;
		};
/* End PBXResourcesBuildPhase section */

/* Begin PBXSourcesBuildPhase section */
		DC847B04224B39E0002D0D3E /* Sources */ = {
			isa = PBXSourcesBuildPhase;
			buildActionMask = 2147483647;
			files = (
				DC847B21224B533B002D0D3E /* NameDBHandler.swift in Sources */,
				DC847B0E224B39E0002D0D3E /* ViewController.swift in Sources */,
				DC847B20224B533B002D0D3E /* CommonDBHandler.swift in Sources */,
				DC847B0C224B39E0002D0D3E /* AppDelegate.swift in Sources */,
			);
			runOnlyForDeploymentPostprocessing = 0;
		};
/* End PBXSourcesBuildPhase section */

/* Begin PBXVariantGroup section */
		DC847B0F224B39E0002D0D3E /* Main.storyboard */ = {
			isa = PBXVariantGroup;
			children = (
				DC847B10224B39E0002D0D3E /* Base */,
			);
			name = Main.storyboard;
			sourceTree = "<group>";
		};
		DC847B14224B39E1002D0D3E /* LaunchScreen.storyboard */ = {
			isa = PBXVariantGroup;
			children = (
				DC847B15224B39E1002D0D3E /* Base */,
			);
			name = LaunchScreen.storyboard;
			sourceTree = "<group>";
		};
/* End PBXVariantGroup section */

/* Begin XCBuildConfiguration section */
		DC847B18224B39E1002D0D3E /* Debug */ = {
			isa = XCBuildConfiguration;
			buildSettings = {
				ALWAYS_SEARCH_USER_PATHS = NO;
				CLANG_ANALYZER_NONNULL = YES;
				CLANG_ANALYZER_NUMBER_OBJECT_CONVERSION = YES_AGGRESSIVE;
				CLANG_CXX_LANGUAGE_STANDARD = "gnu++14";
				CLANG_CXX_LIBRARY = "libc++";
				CLANG_ENABLE_MODULES = YES;
				CLANG_ENABLE_OBJC_ARC = YES;
				CLANG_ENABLE_OBJC_WEAK = YES;
				CLANG_WARN_BLOCK_CAPTURE_AUTORELEASING = YES;
				CLANG_WARN_BOOL_CONVERSION = YES;
				CLANG_WARN_COMMA = YES;
				CLANG_WARN_CONSTANT_CONVERSION = YES;
				CLANG_WARN_DEPRECATED_OBJC_IMPLEMENTATIONS = YES;
				CLANG_WARN_DIRECT_OBJC_ISA_USAGE = YES_ERROR;
				CLANG_WARN_DOCUMENTATION_COMMENTS = YES;
				CLANG_WARN_EMPTY_BODY = YES;
				CLANG_WARN_ENUM_CONVERSION = YES;
				CLANG_WARN_INFINITE_RECURSION = YES;
				CLANG_WARN_INT_CONVERSION = YES;
				CLANG_WARN_NON_LITERAL_NULL_CONVERSION = YES;
				CLANG_WARN_OBJC_IMPLICIT_RETAIN_SELF = YES;
				CLANG_WARN_OBJC_LITERAL_CONVERSION = YES;
				CLANG_WARN_OBJC_ROOT_CLASS = YES_ERROR;
				CLANG_WARN_RANGE_LOOP_ANALYSIS = YES;
				CLANG_WARN_STRICT_PROTOTYPES = YES;
				CLANG_WARN_SUSPICIOUS_MOVE = YES;
				CLANG_WARN_UNGUARDED_AVAILABILITY = YES_AGGRESSIVE;
				CLANG_WARN_UNREACHABLE_CODE = YES;
				CLANG_WARN__DUPLICATE_METHOD_MATCH = YES;
				CODE_SIGN_IDENTITY = "iPhone Developer";
				COPY_PHASE_STRIP = NO;
				DEBUG_INFORMATION_FORMAT = dwarf;
				ENABLE_STRICT_OBJC_MSGSEND = YES;
				ENABLE_TESTABILITY = YES;
				GCC_C_LANGUAGE_STANDARD = gnu11;
				GCC_DYNAMIC_NO_PIC = NO;
				GCC_NO_COMMON_BLOCKS = YES;
				GCC_OPTIMIZATION_LEVEL = 0;
				GCC_PREPROCESSOR_DEFINITIONS = (
					"DEBUG=1",
					"$(inherited)",
				);
				GCC_WARN_64_TO_32_BIT_CONVERSION = YES;
				GCC_WARN_ABOUT_RETURN_TYPE = YES_ERROR;
				GCC_WARN_UNDECLARED_SELECTOR = YES;
				GCC_WARN_UNINITIALIZED_AUTOS = YES_AGGRESSIVE;
				GCC_WARN_UNUSED_FUNCTION = YES;
				GCC_WARN_UNUSED_VARIABLE = YES;
				IPHONEOS_DEPLOYMENT_TARGET = 12.1;
				MTL_ENABLE_DEBUG_INFO = INCLUDE_SOURCE;
				MTL_FAST_MATH = YES;
				ONLY_ACTIVE_ARCH = YES;
				SDKROOT = iphoneos;
				SWIFT_ACTIVE_COMPILATION_CONDITIONS = DEBUG;
				SWIFT_OPTIMIZATION_LEVEL = "-Onone";
			};
			name = Debug;
		};
		DC847B19224B39E1002D0D3E /* Release */ = {
			isa = XCBuildConfiguration;
			buildSettings = {
				ALWAYS_SEARCH_USER_PATHS = NO;
				CLANG_ANALYZER_NONNULL = YES;
				CLANG_ANALYZER_NUMBER_OBJECT_CONVERSION = YES_AGGRESSIVE;
				CLANG_CXX_LANGUAGE_STANDARD = "gnu++14";
				CLANG_CXX_LIBRARY = "libc++";
				CLANG_ENABLE_MODULES = YES;
				CLANG_ENABLE_OBJC_ARC = YES;
				CLANG_ENABLE_OBJC_WEAK = YES;
				CLANG_WARN_BLOCK_CAPTURE_AUTORELEASING = YES;
				CLANG_WARN_BOOL_CONVERSION = YES;
				CLANG_WARN_COMMA = YES;
				CLANG_WARN_CONSTANT_CONVERSION = YES;
				CLANG_WARN_DEPRECATED_OBJC_IMPLEMENTATIONS = YES;
				CLANG_WARN_DIRECT_OBJC_ISA_USAGE = YES_ERROR;
				CLANG_WARN_DOCUMENTATION_COMMENTS = YES;
				CLANG_WARN_EMPTY_BODY = YES;
				CLANG_WARN_ENUM_CONVERSION = YES;
				CLANG_WARN_INFINITE_RECURSION = YES;
				CLANG_WARN_INT_CONVERSION = YES;
				CLANG_WARN_NON_LITERAL_NULL_CONVERSION = YES;
				CLANG_WARN_OBJC_IMPLICIT_RETAIN_SELF = YES;
				CLANG_WARN_OBJC_LITERAL_CONVERSION = YES;
				CLANG_WARN_OBJC_ROOT_CLASS = YES_ERROR;
				CLANG_WARN_RANGE_LOOP_ANALYSIS = YES;
				CLANG_WARN_STRICT_PROTOTYPES = YES;
				CLANG_WARN_SUSPICIOUS_MOVE = YES;
				CLANG_WARN_UNGUARDED_AVAILABILITY = YES_AGGRESSIVE;
				CLANG_WARN_UNREACHABLE_CODE = YES;
				CLANG_WARN__DUPLICATE_METHOD_MATCH = YES;
				CODE_SIGN_IDENTITY = "iPhone Developer";
				COPY_PHASE_STRIP = NO;
				DEBUG_INFORMATION_FORMAT = "dwarf-with-dsym";
				ENABLE_NS_ASSERTIONS = NO;
				ENABLE_STRICT_OBJC_MSGSEND = YES;
				GCC_C_LANGUAGE_STANDARD = gnu11;
				GCC_NO_COMMON_BLOCKS = YES;
				GCC_WARN_64_TO_32_BIT_CONVERSION = YES;
				GCC_WARN_ABOUT_RETURN_TYPE = YES_ERROR;
				GCC_WARN_UNDECLARED_SELECTOR = YES;
				GCC_WARN_UNINITIALIZED_AUTOS = YES_AGGRESSIVE;
				GCC_WARN_UNUSED_FUNCTION = YES;
				GCC_WARN_UNUSED_VARIABLE = YES;
				IPHONEOS_DEPLOYMENT_TARGET = 12.1;
				MTL_ENABLE_DEBUG_INFO = NO;
				MTL_FAST_MATH = YES;
				SDKROOT = iphoneos;
				SWIFT_COMPILATION_MODE = wholemodule;
				SWIFT_OPTIMIZATION_LEVEL = "-O";
				VALIDATE_PRODUCT = YES;
			};
			name = Release;
		};
		DC847B1B224B39E1002D0D3E /* Debug */ = {
			isa = XCBuildConfiguration;
			buildSettings = {
				ASSETCATALOG_COMPILER_APPICON_NAME = AppIcon;
				CODE_SIGN_STYLE = Automatic;
				DEVELOPMENT_TEAM = LWG5X4992K;
				INFOPLIST_FILE = DatabaseManagerSwift/Info.plist;
				LD_RUNPATH_SEARCH_PATHS = (
					"$(inherited)",
					"@executable_path/Frameworks",
				);
				PRODUCT_BUNDLE_IDENTIFIER = com.credible.DatabaseManagerSwift;
				PRODUCT_NAME = "$(TARGET_NAME)";
				SWIFT_VERSION = 4.2;
				TARGETED_DEVICE_FAMILY = "1,2";
			};
			name = Debug;
		};
		DC847B1C224B39E1002D0D3E /* Release */ = {
			isa = XCBuildConfiguration;
			buildSettings = {
				ASSETCATALOG_COMPILER_APPICON_NAME = AppIcon;
				CODE_SIGN_STYLE = Automatic;
				DEVELOPMENT_TEAM = LWG5X4992K;
				INFOPLIST_FILE = DatabaseManagerSwift/Info.plist;
				LD_RUNPATH_SEARCH_PATHS = (
					"$(inherited)",
					"@executable_path/Frameworks",
				);
				PRODUCT_BUNDLE_IDENTIFIER = com.credible.DatabaseManagerSwift;
				PRODUCT_NAME = "$(TARGET_NAME)";
				SWIFT_VERSION = 4.2;
				TARGETED_DEVICE_FAMILY = "1,2";
			};
			name = Release;
		};
/* End XCBuildConfiguration section */

/* Begin XCConfigurationList section */
		DC847B03224B39E0002D0D3E /* Build configuration list for PBXProject "DatabaseManagerSwift" */ = {
			isa = XCConfigurationList;
			buildConfigurations = (
				DC847B18224B39E1002D0D3E /* Debug */,
				DC847B19224B39E1002D0D3E /* Release */,
			);
			defaultConfigurationIsVisible = 0;
			defaultConfigurationName = Release;
		};
		DC847B1A224B39E1002D0D3E /* Build configuration list for PBXNativeTarget "DatabaseManagerSwift" */ = {
			isa = XCConfigurationList;
			buildConfigurations = (
				DC847B1B224B39E1002D0D3E /* Debug */,
				DC847B1C224B39E1002D0D3E /* Release */,
			);
			defaultConfigurationIsVisible = 0;
			defaultConfigurationName = Release;
		};
/* End XCConfigurationList section */
	};
	rootObject = DC847B00224B39E0002D0D3E /* Project object */;
}
